// !$*UTF8*$!
{
	archiveVersion = 1;
	classes = {
	};
	objectVersion = 46;
	objects = {

/* Begin PBXBuildFile section */
		AC4E73DB17280D9100D7D6AC /* UIKit.framework in Frameworks */ = {isa = PBXBuildFile; fileRef = AC4E73DA17280D9100D7D6AC /* UIKit.framework */; };
		AC4E73DD17280D9100D7D6AC /* Foundation.framework in Frameworks */ = {isa = PBXBuildFile; fileRef = AC4E73DC17280D9100D7D6AC /* Foundation.framework */; };
		AC4E73DF17280D9100D7D6AC /* CoreGraphics.framework in Frameworks */ = {isa = PBXBuildFile; fileRef = AC4E73DE17280D9100D7D6AC /* CoreGraphics.framework */; };
		AC4E73E517280D9100D7D6AC /* InfoPlist.strings in Resources */ = {isa = PBXBuildFile; fileRef = AC4E73E317280D9100D7D6AC /* InfoPlist.strings */; };
		AC4E73E717280D9100D7D6AC /* main.m in Sources */ = {isa = PBXBuildFile; fileRef = AC4E73E617280D9100D7D6AC /* main.m */; };
		AC4E73EB17280D9100D7D6AC /* AppDelegate.m in Sources */ = {isa = PBXBuildFile; fileRef = AC4E73EA17280D9100D7D6AC /* AppDelegate.m */; };
		AC4E73ED17280D9100D7D6AC /* Default.png in Resources */ = {isa = PBXBuildFile; fileRef = AC4E73EC17280D9100D7D6AC /* Default.png */; };
		AC4E73EF17280D9100D7D6AC /* Default@2x.png in Resources */ = {isa = PBXBuildFile; fileRef = AC4E73EE17280D9100D7D6AC /* Default@2x.png */; };
		AC4E73F117280D9100D7D6AC /* Default-568h@2x.png in Resources */ = {isa = PBXBuildFile; fileRef = AC4E73F017280D9100D7D6AC /* Default-568h@2x.png */; };
		AC4E73F417280D9100D7D6AC /* ViewController.m in Sources */ = {isa = PBXBuildFile; fileRef = AC4E73F317280D9100D7D6AC /* ViewController.m */; };
		AC4E73F717280D9100D7D6AC /* ViewController.xib in Resources */ = {isa = PBXBuildFile; fileRef = AC4E73F517280D9100D7D6AC /* ViewController.xib */; };
		AC4E73FF17280DBD00D7D6AC /* Level.m in Sources */ = {isa = PBXBuildFile; fileRef = AC4E73FE17280DBD00D7D6AC /* Level.m */; };
		AC4E74031728147300D7D6AC /* JSONKit.m in Sources */ = {isa = PBXBuildFile; fileRef = AC4E74021728147300D7D6AC /* JSONKit.m */; };
/* End PBXBuildFile section */

/* Begin PBXFileReference section */
		AC4E73D717280D9100D7D6AC /* TestTestJson.app */ = {isa = PBXFileReference; explicitFileType = wrapper.application; includeInIndex = 0; path = TestTestJson.app; sourceTree = BUILT_PRODUCTS_DIR; };
		AC4E73DA17280D9100D7D6AC /* UIKit.framework */ = {isa = PBXFileReference; lastKnownFileType = wrapper.framework; name = UIKit.framework; path = System/Library/Frameworks/UIKit.framework; sourceTree = SDKROOT; };
		AC4E73DC17280D9100D7D6AC /* Foundation.framework */ = {isa = PBXFileReference; lastKnownFileType = wrapper.framework; name = Foundation.framework; path = System/Library/Frameworks/Foundation.framework; sourceTree = SDKROOT; };
		AC4E73DE17280D9100D7D6AC /* CoreGraphics.framework */ = {isa = PBXFileReference; lastKnownFileType = wrapper.framework; name = CoreGraphics.framework; path = System/Library/Frameworks/CoreGraphics.framework; sourceTree = SDKROOT; };
		AC4E73E217280D9100D7D6AC /* TestTestJson-Info.plist */ = {isa = PBXFileReference; lastKnownFileType = text.plist.xml; path = "TestTestJson-Info.plist"; sourceTree = "<group>"; };
		AC4E73E417280D9100D7D6AC /* en */ = {isa = PBXFileReference; lastKnownFileType = text.plist.strings; name = en; path = en.lproj/InfoPlist.strings; sourceTree = "<group>"; };
		AC4E73E617280D9100D7D6AC /* main.m */ = {isa = PBXFileReference; lastKnownFileType = sourcecode.c.objc; path = main.m; sourceTree = "<group>"; };
		AC4E73E817280D9100D7D6AC /* TestTestJson-Prefix.pch */ = {isa = PBXFileReference; lastKnownFileType = sourcecode.c.h; path = "TestTestJson-Prefix.pch"; sourceTree = "<group>"; };
		AC4E73E917280D9100D7D6AC /* AppDelegate.h */ = {isa = PBXFileReference; lastKnownFileType = sourcecode.c.h; path = AppDelegate.h; sourceTree = "<group>"; };
		AC4E73EA17280D9100D7D6AC /* AppDelegate.m */ = {isa = PBXFileReference; lastKnownFileType = sourcecode.c.objc; path = AppDelegate.m; sourceTree = "<group>"; };
		AC4E73EC17280D9100D7D6AC /* Default.png */ = {isa = PBXFileReference; lastKnownFileType = image.png; path = Default.png; sourceTree = "<group>"; };
		AC4E73EE17280D9100D7D6AC /* Default@2x.png */ = {isa = PBXFileReference; lastKnownFileType = image.png; path = "Default@2x.png"; sourceTree = "<group>"; };
		AC4E73F017280D9100D7D6AC /* Default-568h@2x.png */ = {isa = PBXFileReference; lastKnownFileType = image.png; path = "Default-568h@2x.png"; sourceTree = "<group>"; };
		AC4E73F217280D9100D7D6AC /* ViewController.h */ = {isa = PBXFileReference; lastKnownFileType = sourcecode.c.h; path = ViewController.h; sourceTree = "<group>"; };
		AC4E73F317280D9100D7D6AC /* ViewController.m */ = {isa = PBXFileReference; lastKnownFileType = sourcecode.c.objc; path = ViewController.m; sourceTree = "<group>"; };
		AC4E73F617280D9100D7D6AC /* en */ = {isa = PBXFileReference; lastKnownFileType = file.xib; name = en; path = en.lproj/ViewController.xib; sourceTree = "<group>"; };
		AC4E73FD17280DBD00D7D6AC /* Level.h */ = {isa = PBXFileReference; fileEncoding = 4; lastKnownFileType = sourcecode.c.h; path = Level.h; sourceTree = "<group>"; };
		AC4E73FE17280DBD00D7D6AC /* Level.m */ = {isa = PBXFileReference; fileEncoding = 4; lastKnownFileType = sourcecode.c.objc; path = Level.m; sourceTree = "<group>"; };
		AC4E74011728147300D7D6AC /* JSONKit.h */ = {isa = PBXFileReference; fileEncoding = 4; lastKnownFileType = sourcecode.c.h; path = JSONKit.h; sourceTree = "<group>"; };
		AC4E74021728147300D7D6AC /* JSONKit.m */ = {isa = PBXFileReference; fileEncoding = 4; lastKnownFileType = sourcecode.c.objc; path = JSONKit.m; sourceTree = "<group>"; };
/* End PBXFileReference section */

/* Begin PBXFrameworksBuildPhase section */
		AC4E73D417280D9100D7D6AC /* Frameworks */ = {
			isa = PBXFrameworksBuildPhase;
			buildActionMask = 2147483647;
			files = (
				AC4E73DB17280D9100D7D6AC /* UIKit.framework in Frameworks */,
				AC4E73DD17280D9100D7D6AC /* Foundation.framework in Frameworks */,
				AC4E73DF17280D9100D7D6AC /* CoreGraphics.framework in Frameworks */,
			);
			runOnlyForDeploymentPostprocessing = 0;
		};
/* End PBXFrameworksBuildPhase section */

/* Begin PBXGroup section */
		AC4E73CE17280D9100D7D6AC = {
			isa = PBXGroup;
			children = (
				AC4E73E017280D9100D7D6AC /* TestTestJson */,
				AC4E73D917280D9100D7D6AC /* Frameworks */,
				AC4E73D817280D9100D7D6AC /* Products */,
			);
			sourceTree = "<group>";
		};
		AC4E73D817280D9100D7D6AC /* Products */ = {
			isa = PBXGroup;
			children = (
				AC4E73D717280D9100D7D6AC /* TestTestJson.app */,
			);
			name = Products;
			sourceTree = "<group>";
		};
		AC4E73D917280D9100D7D6AC /* Frameworks */ = {
			isa = PBXGroup;
			children = (
				AC4E73DA17280D9100D7D6AC /* UIKit.framework */,
				AC4E73DC17280D9100D7D6AC /* Foundation.framework */,
				AC4E73DE17280D9100D7D6AC /* CoreGraphics.framework */,
			);
			name = Frameworks;
			sourceTree = "<group>";
		};
		AC4E73E017280D9100D7D6AC /* TestTestJson */ = {
			isa = PBXGroup;
			children = (
				AC4E73E917280D9100D7D6AC /* AppDelegate.h */,
				AC4E73EA17280D9100D7D6AC /* AppDelegate.m */,
				AC4E73F217280D9100D7D6AC /* ViewController.h */,
				AC4E73F317280D9100D7D6AC /* ViewController.m */,
				AC4E73F517280D9100D7D6AC /* ViewController.xib */,
				AC4E74001728147300D7D6AC /* JSONKit */,
				AC4E73E117280D9100D7D6AC /* Supporting Files */,
				AC4E73FD17280DBD00D7D6AC /* Level.h */,
				AC4E73FE17280DBD00D7D6AC /* Level.m */,
			);
			path = TestTestJson;
			sourceTree = "<group>";
		};
		AC4E73E117280D9100D7D6AC /* Supporting Files */ = {
			isa = PBXGroup;
			children = (
				AC4E73E217280D9100D7D6AC /* TestTestJson-Info.plist */,
				AC4E73E317280D9100D7D6AC /* InfoPlist.strings */,
				AC4E73E617280D9100D7D6AC /* main.m */,
				AC4E73E817280D9100D7D6AC /* TestTestJson-Prefix.pch */,
				AC4E73EC17280D9100D7D6AC /* Default.png */,
				AC4E73EE17280D9100D7D6AC /* Default@2x.png */,
				AC4E73F017280D9100D7D6AC /* Default-568h@2x.png */,
			);
			name = "Supporting Files";
			sourceTree = "<group>";
		};
		AC4E74001728147300D7D6AC /* JSONKit */ = {
			isa = PBXGroup;
			children = (
				AC4E74011728147300D7D6AC /* JSONKit.h */,
				AC4E74021728147300D7D6AC /* JSONKit.m */,
			);
			path = JSONKit;
			sourceTree = "<group>";
		};
/* End PBXGroup section */

/* Begin PBXNativeTarget section */
		AC4E73D617280D9100D7D6AC /* TestTestJson */ = {
			isa = PBXNativeTarget;
			buildConfigurationList = AC4E73FA17280D9100D7D6AC /* Build configuration list for PBXNativeTarget "TestTestJson" */;
			buildPhases = (
				AC4E73D317280D9100D7D6AC /* Sources */,
				AC4E73D417280D9100D7D6AC /* Frameworks */,
				AC4E73D517280D9100D7D6AC /* Resources */,
			);
			buildRules = (
			);
			dependencies = (
			);
			name = TestTestJson;
			productName = TestTestJson;
			productReference = AC4E73D717280D9100D7D6AC /* TestTestJson.app */;
			productType = "com.apple.product-type.application";
		};
/* End PBXNativeTarget section */

/* Begin PBXProject section */
		AC4E73CF17280D9100D7D6AC /* Project object */ = {
			isa = PBXProject;
			attributes = {
				LastUpgradeCheck = 0460;
				ORGANIZATIONNAME = jianxin;
			};
			buildConfigurationList = AC4E73D217280D9100D7D6AC /* Build configuration list for PBXProject "TestTestJson" */;
			compatibilityVersion = "Xcode 3.2";
			developmentRegion = English;
			hasScannedForEncodings = 0;
			knownRegions = (
				en,
			);
			mainGroup = AC4E73CE17280D9100D7D6AC;
			productRefGroup = AC4E73D817280D9100D7D6AC /* Products */;
			projectDirPath = "";
			projectRoot = "";
			targets = (
				AC4E73D617280D9100D7D6AC /* TestTestJson */,
			);
		};
/* End PBXProject section */

/* Begin PBXResourcesBuildPhase section */
		AC4E73D517280D9100D7D6AC /* Resources */ = {
			isa = PBXResourcesBuildPhase;
			buildActionMask = 2147483647;
			files = (
				AC4E73E517280D9100D7D6AC /* InfoPlist.strings in Resources */,
				AC4E73ED17280D9100D7D6AC /* Default.png in Resources */,
				AC4E73EF17280D9100D7D6AC /* Default@2x.png in Resources */,
				AC4E73F117280D9100D7D6AC /* Default-568h@2x.png in Resources */,
				AC4E73F717280D9100D7D6AC /* ViewController.xib in Resources */,
			);
			runOnlyForDeploymentPostprocessing = 0;
		};
/* End PBXResourcesBuildPhase section */

/* Begin PBXSourcesBuildPhase section */
		AC4E73D317280D9100D7D6AC /* Sources */ = {
			isa = PBXSourcesBuildPhase;
			buildActionMask = 2147483647;
			files = (
				AC4E73E717280D9100D7D6AC /* main.m in Sources */,
				AC4E73EB17280D9100D7D6AC /* AppDelegate.m in Sources */,
				AC4E73F417280D9100D7D6AC /* ViewController.m in Sources */,
				AC4E73FF17280DBD00D7D6AC /* Level.m in Sources */,
				AC4E74031728147300D7D6AC /* JSONKit.m in Sources */,
			);
			runOnlyForDeploymentPostprocessing = 0;
		};
/* End PBXSourcesBuildPhase section */

/* Begin PBXVariantGroup section */
		AC4E73E317280D9100D7D6AC /* InfoPlist.strings */ = {
			isa = PBXVariantGroup;
			children = (
				AC4E73E417280D9100D7D6AC /* en */,
			);
			name = InfoPlist.strings;
			sourceTree = "<group>";
		};
		AC4E73F517280D9100D7D6AC /* ViewController.xib */ = {
			isa = PBXVariantGroup;
			children = (
				AC4E73F617280D9100D7D6AC /* en */,
			);
			name = ViewController.xib;
			sourceTree = "<group>";
		};
/* End PBXVariantGroup section */

/* Begin XCBuildConfiguration section */
		AC4E73F817280D9100D7D6AC /* Debug */ = {
			isa = XCBuildConfiguration;
			buildSettings = {
				ALWAYS_SEARCH_USER_PATHS = NO;
				CLANG_CXX_LANGUAGE_STANDARD = "gnu++0x";
				CLANG_CXX_LIBRARY = "libc++";
				CLANG_WARN_CONSTANT_CONVERSION = YES;
				CLANG_WARN_EMPTY_BODY = YES;
				CLANG_WARN_ENUM_CONVERSION = YES;
				CLANG_WARN_INT_CONVERSION = YES;
				CLANG_WARN__DUPLICATE_METHOD_MATCH = YES;
				"CODE_SIGN_IDENTITY[sdk=iphoneos*]" = "iPhone Developer";
				COPY_PHASE_STRIP = NO;
				GCC_C_LANGUAGE_STANDARD = gnu99;
				GCC_DYNAMIC_NO_PIC = NO;
				GCC_OPTIMIZATION_LEVEL = 0;
				GCC_PREPROCESSOR_DEFINITIONS = (
					"DEBUG=1",
					"$(inherited)",
				);
				GCC_SYMBOLS_PRIVATE_EXTERN = NO;
				GCC_WARN_ABOUT_RETURN_TYPE = YES;
				GCC_WARN_UNINITIALIZED_AUTOS = YES;
				GCC_WARN_UNUSED_VARIABLE = YES;
				IPHONEOS_DEPLOYMENT_TARGET = 6.1;
				ONLY_ACTIVE_ARCH = YES;
				SDKROOT = iphoneos;
			};
			name = Debug;
		};
		AC4E73F917280D9100D7D6AC /* Release */ = {
			isa = XCBuildConfiguration;
			buildSettings = {
				ALWAYS_SEARCH_USER_PATHS = NO;
				CLANG_CXX_LANGUAGE_STANDARD = "gnu++0x";
				CLANG_CXX_LIBRARY = "libc++";
				CLANG_WARN_CONSTANT_CONVERSION = YES;
				CLANG_WARN_EMPTY_BODY = YES;
				CLANG_WARN_ENUM_CONVERSION = YES;
				CLANG_WARN_INT_CONVERSION = YES;
				CLANG_WARN__DUPLICATE_METHOD_MATCH = YES;
				"CODE_SIGN_IDENTITY[sdk=iphoneos*]" = "iPhone Developer";
				COPY_PHASE_STRIP = YES;
				GCC_C_LANGUAGE_STANDARD = gnu99;
				GCC_WARN_ABOUT_RETURN_TYPE = YES;
				GCC_WARN_UNINITIALIZED_AUTOS = YES;
				GCC_WARN_UNUSED_VARIABLE = YES;
				IPHONEOS_DEPLOYMENT_TARGET = 6.1;
				OTHER_CFLAGS = "-DNS_BLOCK_ASSERTIONS=1";
				SDKROOT = iphoneos;
				VALIDATE_PRODUCT = YES;
			};
			name = Release;
		};
		AC4E73FB17280D9100D7D6AC /* Debug */ = {
			isa = XCBuildConfiguration;
			buildSettings = {
				GCC_PRECOMPILE_PREFIX_HEADER = YES;
				GCC_PREFIX_HEADER = "TestTestJson/TestTestJson-Prefix.pch";
				INFOPLIST_FILE = "TestTestJson/TestTestJson-Info.plist";
				PRODUCT_NAME = "$(TARGET_NAME)";
				WRAPPER_EXTENSION = app;
			};
			name = Debug;
		};
		AC4E73FC17280D9100D7D6AC /* Release */ = {
			isa = XCBuildConfiguration;
			buildSettings = {
				GCC_PRECOMPILE_PREFIX_HEADER = YES;
				GCC_PREFIX_HEADER = "TestTestJson/TestTestJson-Prefix.pch";
				INFOPLIST_FILE = "TestTestJson/TestTestJson-Info.plist";
				PRODUCT_NAME = "$(TARGET_NAME)";
				WRAPPER_EXTENSION = app;
			};
			name = Release;
		};
/* End XCBuildConfiguration section */

/* Begin XCConfigurationList section */
		AC4E73D217280D9100D7D6AC /* Build configuration list for PBXProject "TestTestJson" */ = {
			isa = XCConfigurationList;
			buildConfigurations = (
				AC4E73F817280D9100D7D6AC /* Debug */,
				AC4E73F917280D9100D7D6AC /* Release */,
			);
			defaultConfigurationIsVisible = 0;
			defaultConfigurationName = Release;
		};
		AC4E73FA17280D9100D7D6AC /* Build configuration list for PBXNativeTarget "TestTestJson" */ = {
			isa = XCConfigurationList;
			buildConfigurations = (
				AC4E73FB17280D9100D7D6AC /* Debug */,
				AC4E73FC17280D9100D7D6AC /* Release */,
			);
			defaultConfigurationIsVisible = 0;
		};
/* End XCConfigurationList section */
	};
	rootObject = AC4E73CF17280D9100D7D6AC /* Project object */;
}
